
Microsoft Visual Studio Solution File, Format Version 12.00
# Visual Studio Version 17
VisualStudioVersion = 17.0.32112.339
MinimumVisualStudioVersion = 10.0.40219.1
Project("{FAE04EC0-301F-11D3-BF4B-00C04F79EFBC}") = "Unit_9.6", "Unit_9.6\Unit_9.6.csproj", "{0119339B-6E3E-499E-B2D9-7B912A1FB982}"
EndProject
Global
	GlobalSection(SolutionConfigurationPlatforms) = preSolution
		Debug|Any CPU = Debug|Any CPU
		Release|Any CPU = Release|Any CPU
	EndGlobalSection
	GlobalSection(ProjectConfigurationPlatforms) = postSolution
		{0119339B-6E3E-499E-B2D9-7B912A1FB982}.Debug|Any CPU.ActiveCfg = Debug|Any CPU
		{0119339B-6E3E-499E-B2D9-7B912A1FB982}.Debug|Any CPU.Build.0 = Debug|Any CPU
		{0119339B-6E3E-499E-B2D9-7B912A1FB982}.Release|Any CPU.ActiveCfg = Release|Any CPU
		{0119339B-6E3E-499E-B2D9-7B912A1FB982}.Release|Any CPU.Build.0 = Release|Any CPU
	EndGlobalSection
	GlobalSection(SolutionProperties) = preSolution
		HideSolutionNode = FALSE
	EndGlobalSection
	GlobalSection(ExtensibilityGlobals) = postSolution
		SolutionGuid = {145BCBC4-D898-4E75-8A3F-12CAEE52F2CF}
	EndGlobalSection
EndGlobal
